// !$*UTF8*$!
{
	archiveVersion = 1;
	classes = {
	};
	objectVersion = 46;
	objects = {

/* Begin PBXBuildFile section */
		71CFD4A51CFC5411004C668B /* main.m in Sources */ = {isa = PBXBuildFile; fileRef = 71CFD4A41CFC5411004C668B /* main.m */; };
		71CFD4A81CFC5411004C668B /* AppDelegate.m in Sources */ = {isa = PBXBuildFile; fileRef = 71CFD4A71CFC5411004C668B /* AppDelegate.m */; };
		71CFD4AB1CFC5411004C668B /* ViewController.m in Sources */ = {isa = PBXBuildFile; fileRef = 71CFD4AA1CFC5411004C668B /* ViewController.m */; };
		71CFD4AE1CFC5411004C668B /* Main.storyboard in Resources */ = {isa = PBXBuildFile; fileRef = 71CFD4AC1CFC5411004C668B /* Main.storyboard */; };
		71CFD4B01CFC5411004C668B /* Assets.xcassets in Resources */ = {isa = PBXBuildFile; fileRef = 71CFD4AF1CFC5411004C668B /* Assets.xcassets */; };
		71CFD4B31CFC5411004C668B /* LaunchScreen.storyboard in Resources */ = {isa = PBXBuildFile; fileRef = 71CFD4B11CFC5411004C668B /* LaunchScreen.storyboard */; };
		71CFD4BE1CFC5411004C668B /* NewGuideDemoTests.m in Sources */ = {isa = PBXBuildFile; fileRef = 71CFD4BD1CFC5411004C668B /* NewGuideDemoTests.m */; };
		71CFD4C91CFC5411004C668B /* NewGuideDemoUITests.m in Sources */ = {isa = PBXBuildFile; fileRef = 71CFD4C81CFC5411004C668B /* NewGuideDemoUITests.m */; };
		71CFD4F91CFD7826004C668B /* ByGuideWindow.m in Sources */ = {isa = PBXBuildFile; fileRef = 71CFD4F81CFD7826004C668B /* ByGuideWindow.m */; };
		71CFD51D1CFD7B75004C668B /* MKAnnotationView+WebCache.m in Sources */ = {isa = PBXBuildFile; fileRef = 71CFD4FC1CFD7B75004C668B /* MKAnnotationView+WebCache.m */; };
		71CFD51E1CFD7B75004C668B /* NSData+ImageContentType.m in Sources */ = {isa = PBXBuildFile; fileRef = 71CFD4FE1CFD7B75004C668B /* NSData+ImageContentType.m */; };
		71CFD51F1CFD7B75004C668B /* SDImageCache.m in Sources */ = {isa = PBXBuildFile; fileRef = 71CFD5001CFD7B75004C668B /* SDImageCache.m */; };
		71CFD5201CFD7B75004C668B /* SDWebImageCompat.m in Sources */ = {isa = PBXBuildFile; fileRef = 71CFD5021CFD7B75004C668B /* SDWebImageCompat.m */; };
		71CFD5211CFD7B75004C668B /* SDWebImageDecoder.m in Sources */ = {isa = PBXBuildFile; fileRef = 71CFD5041CFD7B75004C668B /* SDWebImageDecoder.m */; };
		71CFD5221CFD7B75004C668B /* SDWebImageDownloader.m in Sources */ = {isa = PBXBuildFile; fileRef = 71CFD5061CFD7B75004C668B /* SDWebImageDownloader.m */; };
		71CFD5231CFD7B75004C668B /* SDWebImageDownloaderOperation.m in Sources */ = {isa = PBXBuildFile; fileRef = 71CFD5081CFD7B75004C668B /* SDWebImageDownloaderOperation.m */; };
		71CFD5241CFD7B75004C668B /* SDWebImageManager.m in Sources */ = {isa = PBXBuildFile; fileRef = 71CFD50A1CFD7B75004C668B /* SDWebImageManager.m */; };
		71CFD5251CFD7B75004C668B /* SDWebImagePrefetcher.m in Sources */ = {isa = PBXBuildFile; fileRef = 71CFD50D1CFD7B75004C668B /* SDWebImagePrefetcher.m */; };
		71CFD5261CFD7B75004C668B /* UIButton+WebCache.m in Sources */ = {isa = PBXBuildFile; fileRef = 71CFD50F1CFD7B75004C668B /* UIButton+WebCache.m */; };
		71CFD5271CFD7B75004C668B /* UIImage+GIF.m in Sources */ = {isa = PBXBuildFile; fileRef = 71CFD5111CFD7B75004C668B /* UIImage+GIF.m */; };
		71CFD5281CFD7B75004C668B /* UIImage+MultiFormat.m in Sources */ = {isa = PBXBuildFile; fileRef = 71CFD5131CFD7B75004C668B /* UIImage+MultiFormat.m */; };
		71CFD5291CFD7B75004C668B /* UIImage+WebP.m in Sources */ = {isa = PBXBuildFile; fileRef = 71CFD5151CFD7B75004C668B /* UIImage+WebP.m */; };
		71CFD52A1CFD7B75004C668B /* UIImageView+HighlightedWebCache.m in Sources */ = {isa = PBXBuildFile; fileRef = 71CFD5171CFD7B75004C668B /* UIImageView+HighlightedWebCache.m */; };
		71CFD52B1CFD7B75004C668B /* UIImageView+WebCache.m in Sources */ = {isa = PBXBuildFile; fileRef = 71CFD5191CFD7B75004C668B /* UIImageView+WebCache.m */; };
		71CFD52C1CFD7B75004C668B /* UIView+WebCacheOperation.m in Sources */ = {isa = PBXBuildFile; fileRef = 71CFD51B1CFD7B75004C668B /* UIView+WebCacheOperation.m */; };
		71CFD52D1CFD7B75004C668B /* 打死装萌的.gif in Resources */ = {isa = PBXBuildFile; fileRef = 71CFD51C1CFD7B75004C668B /* 打死装萌的.gif */; };
		71CFD8A61CFFE7B2004C668B /* guidePhoneCase1.jpg in Resources */ = {isa = PBXBuildFile; fileRef = 71CFD8911CFFE7B2004C668B /* guidePhoneCase1.jpg */; };
		71CFD8A71CFFE7B2004C668B /* guidePhoneCase10.jpg in Resources */ = {isa = PBXBuildFile; fileRef = 71CFD8921CFFE7B2004C668B /* guidePhoneCase10.jpg */; };
		71CFD8A81CFFE7B2004C668B /* guidePhoneCase11.gif in Resources */ = {isa = PBXBuildFile; fileRef = 71CFD8931CFFE7B2004C668B /* guidePhoneCase11.gif */; };
		71CFD8A91CFFE7B2004C668B /* guidePhoneCase11.jpg in Resources */ = {isa = PBXBuildFile; fileRef = 71CFD8941CFFE7B2004C668B /* guidePhoneCase11.jpg */; };
		71CFD8AA1CFFE7B2004C668B /* guidePhoneCase12.jpg in Resources */ = {isa = PBXBuildFile; fileRef = 71CFD8951CFFE7B2004C668B /* guidePhoneCase12.jpg */; };
		71CFD8AB1CFFE7B2004C668B /* guidePhoneCase13.jpg in Resources */ = {isa = PBXBuildFile; fileRef = 71CFD8961CFFE7B2004C668B /* guidePhoneCase13.jpg */; };
		71CFD8AC1CFFE7B2004C668B /* guidePhoneCase14.jpg in Resources */ = {isa = PBXBuildFile; fileRef = 71CFD8971CFFE7B2004C668B /* guidePhoneCase14.jpg */; };
		71CFD8AD1CFFE7B2004C668B /* guidePhoneCase15.jpg in Resources */ = {isa = PBXBuildFile; fileRef = 71CFD8981CFFE7B2004C668B /* guidePhoneCase15.jpg */; };
		71CFD8AE1CFFE7B2004C668B /* guidePhoneCase16.jpg in Resources */ = {isa = PBXBuildFile; fileRef = 71CFD8991CFFE7B2004C668B /* guidePhoneCase16.jpg */; };
		71CFD8AF1CFFE7B2004C668B /* guidePhoneCase17.jpg in Resources */ = {isa = PBXBuildFile; fileRef = 71CFD89A1CFFE7B2004C668B /* guidePhoneCase17.jpg */; };
		71CFD8B01CFFE7B2004C668B /* guidePhoneCase18.jpg in Resources */ = {isa = PBXBuildFile; fileRef = 71CFD89B1CFFE7B2004C668B /* guidePhoneCase18.jpg */; };
		71CFD8B11CFFE7B2004C668B /* guidePhoneCase19.jpg in Resources */ = {isa = PBXBuildFile; fileRef = 71CFD89C1CFFE7B2004C668B /* guidePhoneCase19.jpg */; };
		71CFD8B21CFFE7B2004C668B /* guidePhoneCase2.jpg in Resources */ = {isa = PBXBuildFile; fileRef = 71CFD89D1CFFE7B2004C668B /* guidePhoneCase2.jpg */; };
		71CFD8B31CFFE7B2004C668B /* guidePhoneCase20.jpg in Resources */ = {isa = PBXBuildFile; fileRef = 71CFD89E1CFFE7B2004C668B /* guidePhoneCase20.jpg */; };
		71CFD8B41CFFE7B2004C668B /* guidePhoneCase3.jpg in Resources */ = {isa = PBXBuildFile; fileRef = 71CFD89F1CFFE7B2004C668B /* guidePhoneCase3.jpg */; };
		71CFD8B51CFFE7B2004C668B /* guidePhoneCase4.jpg in Resources */ = {isa = PBXBuildFile; fileRef = 71CFD8A01CFFE7B2004C668B /* guidePhoneCase4.jpg */; };
		71CFD8B61CFFE7B2004C668B /* guidePhoneCase5.jpg in Resources */ = {isa = PBXBuildFile; fileRef = 71CFD8A11CFFE7B2004C668B /* guidePhoneCase5.jpg */; };
		71CFD8B71CFFE7B2004C668B /* guidePhoneCase6.jpg in Resources */ = {isa = PBXBuildFile; fileRef = 71CFD8A21CFFE7B2004C668B /* guidePhoneCase6.jpg */; };
		71CFD8B81CFFE7B2004C668B /* guidePhoneCase7.jpg in Resources */ = {isa = PBXBuildFile; fileRef = 71CFD8A31CFFE7B2004C668B /* guidePhoneCase7.jpg */; };
		71CFD8B91CFFE7B2004C668B /* guidePhoneCase8.jpg in Resources */ = {isa = PBXBuildFile; fileRef = 71CFD8A41CFFE7B2004C668B /* guidePhoneCase8.jpg */; };
		71CFD8BA1CFFE7B2004C668B /* guidePhoneCase9.jpg in Resources */ = {isa = PBXBuildFile; fileRef = 71CFD8A51CFFE7B2004C668B /* guidePhoneCase9.jpg */; };
/* End PBXBuildFile section */

/* Begin PBXContainerItemProxy section */
		71CFD4BA1CFC5411004C668B /* PBXContainerItemProxy */ = {
			isa = PBXContainerItemProxy;
			containerPortal = 71CFD4981CFC5411004C668B /* Project object */;
			proxyType = 1;
			remoteGlobalIDString = 71CFD49F1CFC5411004C668B;
			remoteInfo = NewGuideDemo;
		};
		71CFD4C51CFC5411004C668B /* PBXContainerItemProxy */ = {
			isa = PBXContainerItemProxy;
			containerPortal = 71CFD4981CFC5411004C668B /* Project object */;
			proxyType = 1;
			remoteGlobalIDString = 71CFD49F1CFC5411004C668B;
			remoteInfo = NewGuideDemo;
		};
/* End PBXContainerItemProxy section */

/* Begin PBXFileReference section */
		71CFD4A01CFC5411004C668B /* NewGuideDemo.app */ = {isa = PBXFileReference; explicitFileType = wrapper.application; includeInIndex = 0; path = NewGuideDemo.app; sourceTree = BUILT_PRODUCTS_DIR; };
		71CFD4A41CFC5411004C668B /* main.m */ = {isa = PBXFileReference; lastKnownFileType = sourcecode.c.objc; path = main.m; sourceTree = "<group>"; };
		71CFD4A61CFC5411004C668B /* AppDelegate.h */ = {isa = PBXFileReference; lastKnownFileType = sourcecode.c.h; path = AppDelegate.h; sourceTree = "<group>"; };
		71CFD4A71CFC5411004C668B /* AppDelegate.m */ = {isa = PBXFileReference; lastKnownFileType = sourcecode.c.objc; path = AppDelegate.m; sourceTree = "<group>"; };
		71CFD4A91CFC5411004C668B /* ViewController.h */ = {isa = PBXFileReference; lastKnownFileType = sourcecode.c.h; path = ViewController.h; sourceTree = "<group>"; };
		71CFD4AA1CFC5411004C668B /* ViewController.m */ = {isa = PBXFileReference; lastKnownFileType = sourcecode.c.objc; path = ViewController.m; sourceTree = "<group>"; };
		71CFD4AD1CFC5411004C668B /* Base */ = {isa = PBXFileReference; lastKnownFileType = file.storyboard; name = Base; path = Base.lproj/Main.storyboard; sourceTree = "<group>"; };
		71CFD4AF1CFC5411004C668B /* Assets.xcassets */ = {isa = PBXFileReference; lastKnownFileType = folder.assetcatalog; path = Assets.xcassets; sourceTree = "<group>"; };
		71CFD4B21CFC5411004C668B /* Base */ = {isa = PBXFileReference; lastKnownFileType = file.storyboard; name = Base; path = Base.lproj/LaunchScreen.storyboard; sourceTree = "<group>"; };
		71CFD4B41CFC5411004C668B /* Info.plist */ = {isa = PBXFileReference; lastKnownFileType = text.plist.xml; path = Info.plist; sourceTree = "<group>"; };
		71CFD4B91CFC5411004C668B /* NewGuideDemoTests.xctest */ = {isa = PBXFileReference; explicitFileType = wrapper.cfbundle; includeInIndex = 0; path = NewGuideDemoTests.xctest; sourceTree = BUILT_PRODUCTS_DIR; };
		71CFD4BD1CFC5411004C668B /* NewGuideDemoTests.m */ = {isa = PBXFileReference; lastKnownFileType = sourcecode.c.objc; path = NewGuideDemoTests.m; sourceTree = "<group>"; };
		71CFD4BF1CFC5411004C668B /* Info.plist */ = {isa = PBXFileReference; lastKnownFileType = text.plist.xml; path = Info.plist; sourceTree = "<group>"; };
		71CFD4C41CFC5411004C668B /* NewGuideDemoUITests.xctest */ = {isa = PBXFileReference; explicitFileType = wrapper.cfbundle; includeInIndex = 0; path = NewGuideDemoUITests.xctest; sourceTree = BUILT_PRODUCTS_DIR; };
		71CFD4C81CFC5411004C668B /* NewGuideDemoUITests.m */ = {isa = PBXFileReference; lastKnownFileType = sourcecode.c.objc; path = NewGuideDemoUITests.m; sourceTree = "<group>"; };
		71CFD4CA1CFC5411004C668B /* Info.plist */ = {isa = PBXFileReference; lastKnownFileType = text.plist.xml; path = Info.plist; sourceTree = "<group>"; };
		71CFD4F71CFD7826004C668B /* ByGuideWindow.h */ = {isa = PBXFileReference; fileEncoding = 4; lastKnownFileType = sourcecode.c.h; path = ByGuideWindow.h; sourceTree = "<group>"; };
		71CFD4F81CFD7826004C668B /* ByGuideWindow.m */ = {isa = PBXFileReference; fileEncoding = 4; lastKnownFileType = sourcecode.c.objc; path = ByGuideWindow.m; sourceTree = "<group>"; };
		71CFD4FB1CFD7B75004C668B /* MKAnnotationView+WebCache.h */ = {isa = PBXFileReference; fileEncoding = 4; lastKnownFileType = sourcecode.c.h; path = "MKAnnotationView+WebCache.h"; sourceTree = "<group>"; };
		71CFD4FC1CFD7B75004C668B /* MKAnnotationView+WebCache.m */ = {isa = PBXFileReference; fileEncoding = 4; lastKnownFileType = sourcecode.c.objc; path = "MKAnnotationView+WebCache.m"; sourceTree = "<group>"; };
		71CFD4FD1CFD7B75004C668B /* NSData+ImageContentType.h */ = {isa = PBXFileReference; fileEncoding = 4; lastKnownFileType = sourcecode.c.h; path = "NSData+ImageContentType.h"; sourceTree = "<group>"; };
		71CFD4FE1CFD7B75004C668B /* NSData+ImageContentType.m */ = {isa = PBXFileReference; fileEncoding = 4; lastKnownFileType = sourcecode.c.objc; path = "NSData+ImageContentType.m"; sourceTree = "<group>"; };
		71CFD4FF1CFD7B75004C668B /* SDImageCache.h */ = {isa = PBXFileReference; fileEncoding = 4; lastKnownFileType = sourcecode.c.h; path = SDImageCache.h; sourceTree = "<group>"; };
		71CFD5001CFD7B75004C668B /* SDImageCache.m */ = {isa = PBXFileReference; fileEncoding = 4; lastKnownFileType = sourcecode.c.objc; path = SDImageCache.m; sourceTree = "<group>"; };
		71CFD5011CFD7B75004C668B /* SDWebImageCompat.h */ = {isa = PBXFileReference; fileEncoding = 4; lastKnownFileType = sourcecode.c.h; path = SDWebImageCompat.h; sourceTree = "<group>"; };
		71CFD5021CFD7B75004C668B /* SDWebImageCompat.m */ = {isa = PBXFileReference; fileEncoding = 4; lastKnownFileType = sourcecode.c.objc; path = SDWebImageCompat.m; sourceTree = "<group>"; };
		71CFD5031CFD7B75004C668B /* SDWebImageDecoder.h */ = {isa = PBXFileReference; fileEncoding = 4; lastKnownFileType = sourcecode.c.h; path = SDWebImageDecoder.h; sourceTree = "<group>"; };
		71CFD5041CFD7B75004C668B /* SDWebImageDecoder.m */ = {isa = PBXFileReference; fileEncoding = 4; lastKnownFileType = sourcecode.c.objc; path = SDWebImageDecoder.m; sourceTree = "<group>"; };
		71CFD5051CFD7B75004C668B /* SDWebImageDownloader.h */ = {isa = PBXFileReference; fileEncoding = 4; lastKnownFileType = sourcecode.c.h; path = SDWebImageDownloader.h; sourceTree = "<group>"; };
		71CFD5061CFD7B75004C668B /* SDWebImageDownloader.m */ = {isa = PBXFileReference; fileEncoding = 4; lastKnownFileType = sourcecode.c.objc; path = SDWebImageDownloader.m; sourceTree = "<group>"; };
		71CFD5071CFD7B75004C668B /* SDWebImageDownloaderOperation.h */ = {isa = PBXFileReference; fileEncoding = 4; lastKnownFileType = sourcecode.c.h; path = SDWebImageDownloaderOperation.h; sourceTree = "<group>"; };
		71CFD5081CFD7B75004C668B /* SDWebImageDownloaderOperation.m */ = {isa = PBXFileReference; fileEncoding = 4; lastKnownFileType = sourcecode.c.objc; path = SDWebImageDownloaderOperation.m; sourceTree = "<group>"; };
		71CFD5091CFD7B75004C668B /* SDWebImageManager.h */ = {isa = PBXFileReference; fileEncoding = 4; lastKnownFileType = sourcecode.c.h; path = SDWebImageManager.h; sourceTree = "<group>"; };
		71CFD50A1CFD7B75004C668B /* SDWebImageManager.m */ = {isa = PBXFileReference; fileEncoding = 4; lastKnownFileType = sourcecode.c.objc; path = SDWebImageManager.m; sourceTree = "<group>"; };
		71CFD50B1CFD7B75004C668B /* SDWebImageOperation.h */ = {isa = PBXFileReference; fileEncoding = 4; lastKnownFileType = sourcecode.c.h; path = SDWebImageOperation.h; sourceTree = "<group>"; };
		71CFD50C1CFD7B75004C668B /* SDWebImagePrefetcher.h */ = {isa = PBXFileReference; fileEncoding = 4; lastKnownFileType = sourcecode.c.h; path = SDWebImagePrefetcher.h; sourceTree = "<group>"; };
		71CFD50D1CFD7B75004C668B /* SDWebImagePrefetcher.m */ = {isa = PBXFileReference; fileEncoding = 4; lastKnownFileType = sourcecode.c.objc; path = SDWebImagePrefetcher.m; sourceTree = "<group>"; };
		71CFD50E1CFD7B75004C668B /* UIButton+WebCache.h */ = {isa = PBXFileReference; fileEncoding = 4; lastKnownFileType = sourcecode.c.h; path = "UIButton+WebCache.h"; sourceTree = "<group>"; };
		71CFD50F1CFD7B75004C668B /* UIButton+WebCache.m */ = {isa = PBXFileReference; fileEncoding = 4; lastKnownFileType = sourcecode.c.objc; path = "UIButton+WebCache.m"; sourceTree = "<group>"; };
		71CFD5101CFD7B75004C668B /* UIImage+GIF.h */ = {isa = PBXFileReference; fileEncoding = 4; lastKnownFileType = sourcecode.c.h; path = "UIImage+GIF.h"; sourceTree = "<group>"; };
		71CFD5111CFD7B75004C668B /* UIImage+GIF.m */ = {isa = PBXFileReference; fileEncoding = 4; lastKnownFileType = sourcecode.c.objc; path = "UIImage+GIF.m"; sourceTree = "<group>"; };
		71CFD5121CFD7B75004C668B /* UIImage+MultiFormat.h */ = {isa = PBXFileReference; fileEncoding = 4; lastKnownFileType = sourcecode.c.h; path = "UIImage+MultiFormat.h"; sourceTree = "<group>"; };
		71CFD5131CFD7B75004C668B /* UIImage+MultiFormat.m */ = {isa = PBXFileReference; fileEncoding = 4; lastKnownFileType = sourcecode.c.objc; path = "UIImage+MultiFormat.m"; sourceTree = "<group>"; };
		71CFD5141CFD7B75004C668B /* UIImage+WebP.h */ = {isa = PBXFileReference; fileEncoding = 4; lastKnownFileType = sourcecode.c.h; path = "UIImage+WebP.h"; sourceTree = "<group>"; };
		71CFD5151CFD7B75004C668B /* UIImage+WebP.m */ = {isa = PBXFileReference; fileEncoding = 4; lastKnownFileType = sourcecode.c.objc; path = "UIImage+WebP.m"; sourceTree = "<group>"; };
		71CFD5161CFD7B75004C668B /* UIImageView+HighlightedWebCache.h */ = {isa = PBXFileReference; fileEncoding = 4; lastKnownFileType = sourcecode.c.h; path = "UIImageView+HighlightedWebCache.h"; sourceTree = "<group>"; };
		71CFD5171CFD7B75004C668B /* UIImageView+HighlightedWebCache.m */ = {isa = PBXFileReference; fileEncoding = 4; lastKnownFileType = sourcecode.c.objc; path = "UIImageView+HighlightedWebCache.m"; sourceTree = "<group>"; };
		71CFD5181CFD7B75004C668B /* UIImageView+WebCache.h */ = {isa = PBXFileReference; fileEncoding = 4; lastKnownFileType = sourcecode.c.h; path = "UIImageView+WebCache.h"; sourceTree = "<group>"; };
		71CFD5191CFD7B75004C668B /* UIImageView+WebCache.m */ = {isa = PBXFileReference; fileEncoding = 4; lastKnownFileType = sourcecode.c.objc; path = "UIImageView+WebCache.m"; sourceTree = "<group>"; };
		71CFD51A1CFD7B75004C668B /* UIView+WebCacheOperation.h */ = {isa = PBXFileReference; fileEncoding = 4; lastKnownFileType = sourcecode.c.h; path = "UIView+WebCacheOperation.h"; sourceTree = "<group>"; };
		71CFD51B1CFD7B75004C668B /* UIView+WebCacheOperation.m */ = {isa = PBXFileReference; fileEncoding = 4; lastKnownFileType = sourcecode.c.objc; path = "UIView+WebCacheOperation.m"; sourceTree = "<group>"; };
		71CFD51C1CFD7B75004C668B /* 打死装萌的.gif */ = {isa = PBXFileReference; lastKnownFileType = image.gif; path = "打死装萌的.gif"; sourceTree = "<group>"; };
		71CFD8911CFFE7B2004C668B /* guidePhoneCase1.jpg */ = {isa = PBXFileReference; lastKnownFileType = image.jpeg; path = guidePhoneCase1.jpg; sourceTree = "<group>"; };
		71CFD8921CFFE7B2004C668B /* guidePhoneCase10.jpg */ = {isa = PBXFileReference; lastKnownFileType = image.jpeg; path = guidePhoneCase10.jpg; sourceTree = "<group>"; };
		71CFD8931CFFE7B2004C668B /* guidePhoneCase11.gif */ = {isa = PBXFileReference; lastKnownFileType = image.gif; path = guidePhoneCase11.gif; sourceTree = "<group>"; };
		71CFD8941CFFE7B2004C668B /* guidePhoneCase11.jpg */ = {isa = PBXFileReference; lastKnownFileType = image.jpeg; path = guidePhoneCase11.jpg; sourceTree = "<group>"; };
		71CFD8951CFFE7B2004C668B /* guidePhoneCase12.jpg */ = {isa = PBXFileReference; lastKnownFileType = image.jpeg; path = guidePhoneCase12.jpg; sourceTree = "<group>"; };
		71CFD8961CFFE7B2004C668B /* guidePhoneCase13.jpg */ = {isa = PBXFileReference; lastKnownFileType = image.jpeg; path = guidePhoneCase13.jpg; sourceTree = "<group>"; };
		71CFD8971CFFE7B2004C668B /* guidePhoneCase14.jpg */ = {isa = PBXFileReference; lastKnownFileType = image.jpeg; path = guidePhoneCase14.jpg; sourceTree = "<group>"; };
		71CFD8981CFFE7B2004C668B /* guidePhoneCase15.jpg */ = {isa = PBXFileReference; lastKnownFileType = image.jpeg; path = guidePhoneCase15.jpg; sourceTree = "<group>"; };
		71CFD8991CFFE7B2004C668B /* guidePhoneCase16.jpg */ = {isa = PBXFileReference; lastKnownFileType = image.jpeg; path = guidePhoneCase16.jpg; sourceTree = "<group>"; };
		71CFD89A1CFFE7B2004C668B /* guidePhoneCase17.jpg */ = {isa = PBXFileReference; lastKnownFileType = image.jpeg; path = guidePhoneCase17.jpg; sourceTree = "<group>"; };
		71CFD89B1CFFE7B2004C668B /* guidePhoneCase18.jpg */ = {isa = PBXFileReference; lastKnownFileType = image.jpeg; path = guidePhoneCase18.jpg; sourceTree = "<group>"; };
		71CFD89C1CFFE7B2004C668B /* guidePhoneCase19.jpg */ = {isa = PBXFileReference; lastKnownFileType = image.jpeg; path = guidePhoneCase19.jpg; sourceTree = "<group>"; };
		71CFD89D1CFFE7B2004C668B /* guidePhoneCase2.jpg */ = {isa = PBXFileReference; lastKnownFileType = image.jpeg; path = guidePhoneCase2.jpg; sourceTree = "<group>"; };
		71CFD89E1CFFE7B2004C668B /* guidePhoneCase20.jpg */ = {isa = PBXFileReference; lastKnownFileType = image.jpeg; path = guidePhoneCase20.jpg; sourceTree = "<group>"; };
		71CFD89F1CFFE7B2004C668B /* guidePhoneCase3.jpg */ = {isa = PBXFileReference; lastKnownFileType = image.jpeg; path = guidePhoneCase3.jpg; sourceTree = "<group>"; };
		71CFD8A01CFFE7B2004C668B /* guidePhoneCase4.jpg */ = {isa = PBXFileReference; lastKnownFileType = image.jpeg; path = guidePhoneCase4.jpg; sourceTree = "<group>"; };
		71CFD8A11CFFE7B2004C668B /* guidePhoneCase5.jpg */ = {isa = PBXFileReference; lastKnownFileType = image.jpeg; path = guidePhoneCase5.jpg; sourceTree = "<group>"; };
		71CFD8A21CFFE7B2004C668B /* guidePhoneCase6.jpg */ = {isa = PBXFileReference; lastKnownFileType = image.jpeg; path = guidePhoneCase6.jpg; sourceTree = "<group>"; };
		71CFD8A31CFFE7B2004C668B /* guidePhoneCase7.jpg */ = {isa = PBXFileReference; lastKnownFileType = image.jpeg; path = guidePhoneCase7.jpg; sourceTree = "<group>"; };
		71CFD8A41CFFE7B2004C668B /* guidePhoneCase8.jpg */ = {isa = PBXFileReference; lastKnownFileType = image.jpeg; path = guidePhoneCase8.jpg; sourceTree = "<group>"; };
		71CFD8A51CFFE7B2004C668B /* guidePhoneCase9.jpg */ = {isa = PBXFileReference; lastKnownFileType = image.jpeg; path = guidePhoneCase9.jpg; sourceTree = "<group>"; };
/* End PBXFileReference section */

/* Begin PBXFrameworksBuildPhase section */
		71CFD49D1CFC5411004C668B /* Frameworks */ = {
			isa = PBXFrameworksBuildPhase;
			buildActionMask = 2147483647;
			files = (
			);
			runOnlyForDeploymentPostprocessing = 0;
		};
		71CFD4B61CFC5411004C668B /* Frameworks */ = {
			isa = PBXFrameworksBuildPhase;
			buildActionMask = 2147483647;
			files = (
			);
			runOnlyForDeploymentPostprocessing = 0;
		};
		71CFD4C11CFC5411004C668B /* Frameworks */ = {
			isa = PBXFrameworksBuildPhase;
			buildActionMask = 2147483647;
			files = (
			);
			runOnlyForDeploymentPostprocessing = 0;
		};
/* End PBXFrameworksBuildPhase section */

/* Begin PBXGroup section */
		71CFD4971CFC5411004C668B = {
			isa = PBXGroup;
			children = (
				71CFD4A21CFC5411004C668B /* NewGuideDemo */,
				71CFD4BC1CFC5411004C668B /* NewGuideDemoTests */,
				71CFD4C71CFC5411004C668B /* NewGuideDemoUITests */,
				71CFD4A11CFC5411004C668B /* Products */,
			);
			sourceTree = "<group>";
		};
		71CFD4A11CFC5411004C668B /* Products */ = {
			isa = PBXGroup;
			children = (
				71CFD4A01CFC5411004C668B /* NewGuideDemo.app */,
				71CFD4B91CFC5411004C668B /* NewGuideDemoTests.xctest */,
				71CFD4C41CFC5411004C668B /* NewGuideDemoUITests.xctest */,
			);
			name = Products;
			sourceTree = "<group>";
		};
		71CFD4A21CFC5411004C668B /* NewGuideDemo */ = {
			isa = PBXGroup;
			children = (
				71CFD8901CFFE7B2004C668B /* guidePhoneCase */,
				71CFD4FA1CFD7B75004C668B /* SDWebImage */,
				71CFD4A61CFC5411004C668B /* AppDelegate.h */,
				71CFD4A71CFC5411004C668B /* AppDelegate.m */,
				71CFD4A91CFC5411004C668B /* ViewController.h */,
				71CFD4AA1CFC5411004C668B /* ViewController.m */,
				71CFD4F71CFD7826004C668B /* ByGuideWindow.h */,
				71CFD4F81CFD7826004C668B /* ByGuideWindow.m */,
				71CFD4AC1CFC5411004C668B /* Main.storyboard */,
				71CFD4AF1CFC5411004C668B /* Assets.xcassets */,
				71CFD4B11CFC5411004C668B /* LaunchScreen.storyboard */,
				71CFD4B41CFC5411004C668B /* Info.plist */,
				71CFD4A31CFC5411004C668B /* Supporting Files */,
			);
			path = NewGuideDemo;
			sourceTree = "<group>";
		};
		71CFD4A31CFC5411004C668B /* Supporting Files */ = {
			isa = PBXGroup;
			children = (
				71CFD4A41CFC5411004C668B /* main.m */,
			);
			name = "Supporting Files";
			sourceTree = "<group>";
		};
		71CFD4BC1CFC5411004C668B /* NewGuideDemoTests */ = {
			isa = PBXGroup;
			children = (
				71CFD4BD1CFC5411004C668B /* NewGuideDemoTests.m */,
				71CFD4BF1CFC5411004C668B /* Info.plist */,
			);
			path = NewGuideDemoTests;
			sourceTree = "<group>";
		};
		71CFD4C71CFC5411004C668B /* NewGuideDemoUITests */ = {
			isa = PBXGroup;
			children = (
				71CFD4C81CFC5411004C668B /* NewGuideDemoUITests.m */,
				71CFD4CA1CFC5411004C668B /* Info.plist */,
			);
			path = NewGuideDemoUITests;
			sourceTree = "<group>";
		};
		71CFD4FA1CFD7B75004C668B /* SDWebImage */ = {
			isa = PBXGroup;
			children = (
				71CFD4FB1CFD7B75004C668B /* MKAnnotationView+WebCache.h */,
				71CFD4FC1CFD7B75004C668B /* MKAnnotationView+WebCache.m */,
				71CFD4FD1CFD7B75004C668B /* NSData+ImageContentType.h */,
				71CFD4FE1CFD7B75004C668B /* NSData+ImageContentType.m */,
				71CFD4FF1CFD7B75004C668B /* SDImageCache.h */,
				71CFD5001CFD7B75004C668B /* SDImageCache.m */,
				71CFD5011CFD7B75004C668B /* SDWebImageCompat.h */,
				71CFD5021CFD7B75004C668B /* SDWebImageCompat.m */,
				71CFD5031CFD7B75004C668B /* SDWebImageDecoder.h */,
				71CFD5041CFD7B75004C668B /* SDWebImageDecoder.m */,
				71CFD5051CFD7B75004C668B /* SDWebImageDownloader.h */,
				71CFD5061CFD7B75004C668B /* SDWebImageDownloader.m */,
				71CFD5071CFD7B75004C668B /* SDWebImageDownloaderOperation.h */,
				71CFD5081CFD7B75004C668B /* SDWebImageDownloaderOperation.m */,
				71CFD5091CFD7B75004C668B /* SDWebImageManager.h */,
				71CFD50A1CFD7B75004C668B /* SDWebImageManager.m */,
				71CFD50B1CFD7B75004C668B /* SDWebImageOperation.h */,
				71CFD50C1CFD7B75004C668B /* SDWebImagePrefetcher.h */,
				71CFD50D1CFD7B75004C668B /* SDWebImagePrefetcher.m */,
				71CFD50E1CFD7B75004C668B /* UIButton+WebCache.h */,
				71CFD50F1CFD7B75004C668B /* UIButton+WebCache.m */,
				71CFD5101CFD7B75004C668B /* UIImage+GIF.h */,
				71CFD5111CFD7B75004C668B /* UIImage+GIF.m */,
				71CFD5121CFD7B75004C668B /* UIImage+MultiFormat.h */,
				71CFD5131CFD7B75004C668B /* UIImage+MultiFormat.m */,
				71CFD5141CFD7B75004C668B /* UIImage+WebP.h */,
				71CFD5151CFD7B75004C668B /* UIImage+WebP.m */,
				71CFD5161CFD7B75004C668B /* UIImageView+HighlightedWebCache.h */,
				71CFD5171CFD7B75004C668B /* UIImageView+HighlightedWebCache.m */,
				71CFD5181CFD7B75004C668B /* UIImageView+WebCache.h */,
				71CFD5191CFD7B75004C668B /* UIImageView+WebCache.m */,
				71CFD51A1CFD7B75004C668B /* UIView+WebCacheOperation.h */,
				71CFD51B1CFD7B75004C668B /* UIView+WebCacheOperation.m */,
				71CFD51C1CFD7B75004C668B /* 打死装萌的.gif */,
			);
			path = SDWebImage;
			sourceTree = "<group>";
		};
		71CFD8901CFFE7B2004C668B /* guidePhoneCase */ = {
			isa = PBXGroup;
			children = (
				71CFD8911CFFE7B2004C668B /* guidePhoneCase1.jpg */,
				71CFD8921CFFE7B2004C668B /* guidePhoneCase10.jpg */,
				71CFD8931CFFE7B2004C668B /* guidePhoneCase11.gif */,
				71CFD8941CFFE7B2004C668B /* guidePhoneCase11.jpg */,
				71CFD8951CFFE7B2004C668B /* guidePhoneCase12.jpg */,
				71CFD8961CFFE7B2004C668B /* guidePhoneCase13.jpg */,
				71CFD8971CFFE7B2004C668B /* guidePhoneCase14.jpg */,
				71CFD8981CFFE7B2004C668B /* guidePhoneCase15.jpg */,
				71CFD8991CFFE7B2004C668B /* guidePhoneCase16.jpg */,
				71CFD89A1CFFE7B2004C668B /* guidePhoneCase17.jpg */,
				71CFD89B1CFFE7B2004C668B /* guidePhoneCase18.jpg */,
				71CFD89C1CFFE7B2004C668B /* guidePhoneCase19.jpg */,
				71CFD89D1CFFE7B2004C668B /* guidePhoneCase2.jpg */,
				71CFD89E1CFFE7B2004C668B /* guidePhoneCase20.jpg */,
				71CFD89F1CFFE7B2004C668B /* guidePhoneCase3.jpg */,
				71CFD8A01CFFE7B2004C668B /* guidePhoneCase4.jpg */,
				71CFD8A11CFFE7B2004C668B /* guidePhoneCase5.jpg */,
				71CFD8A21CFFE7B2004C668B /* guidePhoneCase6.jpg */,
				71CFD8A31CFFE7B2004C668B /* guidePhoneCase7.jpg */,
				71CFD8A41CFFE7B2004C668B /* guidePhoneCase8.jpg */,
				71CFD8A51CFFE7B2004C668B /* guidePhoneCase9.jpg */,
			);
			path = guidePhoneCase;
			sourceTree = "<group>";
		};
/* End PBXGroup section */

/* Begin PBXNativeTarget section */
		71CFD49F1CFC5411004C668B /* NewGuideDemo */ = {
			isa = PBXNativeTarget;
			buildConfigurationList = 71CFD4CD1CFC5411004C668B /* Build configuration list for PBXNativeTarget "NewGuideDemo" */;
			buildPhases = (
				71CFD49C1CFC5411004C668B /* Sources */,
				71CFD49D1CFC5411004C668B /* Frameworks */,
				71CFD49E1CFC5411004C668B /* Resources */,
			);
			buildRules = (
			);
			dependencies = (
			);
			name = NewGuideDemo;
			productName = NewGuideDemo;
			productReference = 71CFD4A01CFC5411004C668B /* NewGuideDemo.app */;
			productType = "com.apple.product-type.application";
		};
		71CFD4B81CFC5411004C668B /* NewGuideDemoTests */ = {
			isa = PBXNativeTarget;
			buildConfigurationList = 71CFD4D01CFC5411004C668B /* Build configuration list for PBXNativeTarget "NewGuideDemoTests" */;
			buildPhases = (
				71CFD4B51CFC5411004C668B /* Sources */,
				71CFD4B61CFC5411004C668B /* Frameworks */,
				71CFD4B71CFC5411004C668B /* Resources */,
			);
			buildRules = (
			);
			dependencies = (
				71CFD4BB1CFC5411004C668B /* PBXTargetDependency */,
			);
			name = NewGuideDemoTests;
			productName = NewGuideDemoTests;
			productReference = 71CFD4B91CFC5411004C668B /* NewGuideDemoTests.xctest */;
			productType = "com.apple.product-type.bundle.unit-test";
		};
		71CFD4C31CFC5411004C668B /* NewGuideDemoUITests */ = {
			isa = PBXNativeTarget;
			buildConfigurationList = 71CFD4D31CFC5411004C668B /* Build configuration list for PBXNativeTarget "NewGuideDemoUITests" */;
			buildPhases = (
				71CFD4C01CFC5411004C668B /* Sources */,
				71CFD4C11CFC5411004C668B /* Frameworks */,
				71CFD4C21CFC5411004C668B /* Resources */,
			);
			buildRules = (
			);
			dependencies = (
				71CFD4C61CFC5411004C668B /* PBXTargetDependency */,
			);
			name = NewGuideDemoUITests;
			productName = NewGuideDemoUITests;
			productReference = 71CFD4C41CFC5411004C668B /* NewGuideDemoUITests.xctest */;
			productType = "com.apple.product-type.bundle.ui-testing";
		};
/* End PBXNativeTarget section */

/* Begin PBXProject section */
		71CFD4981CFC5411004C668B /* Project object */ = {
			isa = PBXProject;
			attributes = {
				CLASSPREFIX = Mkmy;
				LastUpgradeCheck = 0730;
				ORGANIZATIONNAME = mkmy_baoyu;
				TargetAttributes = {
					71CFD49F1CFC5411004C668B = {
						CreatedOnToolsVersion = 7.3.1;
					};
					71CFD4B81CFC5411004C668B = {
						CreatedOnToolsVersion = 7.3.1;
						TestTargetID = 71CFD49F1CFC5411004C668B;
					};
					71CFD4C31CFC5411004C668B = {
						CreatedOnToolsVersion = 7.3.1;
						TestTargetID = 71CFD49F1CFC5411004C668B;
					};
				};
			};
			buildConfigurationList = 71CFD49B1CFC5411004C668B /* Build configuration list for PBXProject "NewGuideDemo" */;
			compatibilityVersion = "Xcode 3.2";
			developmentRegion = English;
			hasScannedForEncodings = 0;
			knownRegions = (
				en,
				Base,
			);
			mainGroup = 71CFD4971CFC5411004C668B;
			productRefGroup = 71CFD4A11CFC5411004C668B /* Products */;
			projectDirPath = "";
			projectRoot = "";
			targets = (
				71CFD49F1CFC5411004C668B /* NewGuideDemo */,
				71CFD4B81CFC5411004C668B /* NewGuideDemoTests */,
				71CFD4C31CFC5411004C668B /* NewGuideDemoUITests */,
			);
		};
/* End PBXProject section */

/* Begin PBXResourcesBuildPhase section */
		71CFD49E1CFC5411004C668B /* Resources */ = {
			isa = PBXResourcesBuildPhase;
			buildActionMask = 2147483647;
			files = (
				71CFD8B41CFFE7B2004C668B /* guidePhoneCase3.jpg in Resources */,
				71CFD8B01CFFE7B2004C668B /* guidePhoneCase18.jpg in Resources */,
				71CFD8B21CFFE7B2004C668B /* guidePhoneCase2.jpg in Resources */,
				71CFD8B11CFFE7B2004C668B /* guidePhoneCase19.jpg in Resources */,
				71CFD8AE1CFFE7B2004C668B /* guidePhoneCase16.jpg in Resources */,
				71CFD8AF1CFFE7B2004C668B /* guidePhoneCase17.jpg in Resources */,
				71CFD8AA1CFFE7B2004C668B /* guidePhoneCase12.jpg in Resources */,
				71CFD8AC1CFFE7B2004C668B /* guidePhoneCase14.jpg in Resources */,
				71CFD8B71CFFE7B2004C668B /* guidePhoneCase6.jpg in Resources */,
				71CFD8A71CFFE7B2004C668B /* guidePhoneCase10.jpg in Resources */,
				71CFD8A91CFFE7B2004C668B /* guidePhoneCase11.jpg in Resources */,
				71CFD8B61CFFE7B2004C668B /* guidePhoneCase5.jpg in Resources */,
				71CFD8B51CFFE7B2004C668B /* guidePhoneCase4.jpg in Resources */,
				71CFD8B81CFFE7B2004C668B /* guidePhoneCase7.jpg in Resources */,
				71CFD8B31CFFE7B2004C668B /* guidePhoneCase20.jpg in Resources */,
				71CFD52D1CFD7B75004C668B /* 打死装萌的.gif in Resources */,
				71CFD4B31CFC5411004C668B /* LaunchScreen.storyboard in Resources */,
				71CFD8AB1CFFE7B2004C668B /* guidePhoneCase13.jpg in Resources */,
				71CFD8A81CFFE7B2004C668B /* guidePhoneCase11.gif in Resources */,
				71CFD4B01CFC5411004C668B /* Assets.xcassets in Resources */,
				71CFD8BA1CFFE7B2004C668B /* guidePhoneCase9.jpg in Resources */,
				71CFD8AD1CFFE7B2004C668B /* guidePhoneCase15.jpg in Resources */,
				71CFD8A61CFFE7B2004C668B /* guidePhoneCase1.jpg in Resources */,
				71CFD8B91CFFE7B2004C668B /* guidePhoneCase8.jpg in Resources */,
				71CFD4AE1CFC5411004C668B /* Main.storyboard in Resources */,
			);
			runOnlyForDeploymentPostprocessing = 0;
		};
		71CFD4B71CFC5411004C668B /* Resources */ = {
			isa = PBXResourcesBuildPhase;
			buildActionMask = 2147483647;
			files = (
			);
			runOnlyForDeploymentPostprocessing = 0;
		};
		71CFD4C21CFC5411004C668B /* Resources */ = {
			isa = PBXResourcesBuildPhase;
			buildActionMask = 2147483647;
			files = (
			);
			runOnlyForDeploymentPostprocessing = 0;
		};
/* End PBXResourcesBuildPhase section */

/* Begin PBXSourcesBuildPhase section */
		71CFD49C1CFC5411004C668B /* Sources */ = {
			isa = PBXSourcesBuildPhase;
			buildActionMask = 2147483647;
			files = (
				71CFD52B1CFD7B75004C668B /* UIImageView+WebCache.m in Sources */,
				71CFD5271CFD7B75004C668B /* UIImage+GIF.m in Sources */,
				71CFD5201CFD7B75004C668B /* SDWebImageCompat.m in Sources */,
				71CFD5261CFD7B75004C668B /* UIButton+WebCache.m in Sources */,
				71CFD5281CFD7B75004C668B /* UIImage+MultiFormat.m in Sources */,
				71CFD5251CFD7B75004C668B /* SDWebImagePrefetcher.m in Sources */,
				71CFD52C1CFD7B75004C668B /* UIView+WebCacheOperation.m in Sources */,
				71CFD51D1CFD7B75004C668B /* MKAnnotationView+WebCache.m in Sources */,
				71CFD5291CFD7B75004C668B /* UIImage+WebP.m in Sources */,
				71CFD4AB1CFC5411004C668B /* ViewController.m in Sources */,
				71CFD5231CFD7B75004C668B /* SDWebImageDownloaderOperation.m in Sources */,
				71CFD5211CFD7B75004C668B /* SDWebImageDecoder.m in Sources */,
				71CFD52A1CFD7B75004C668B /* UIImageView+HighlightedWebCache.m in Sources */,
				71CFD51E1CFD7B75004C668B /* NSData+ImageContentType.m in Sources */,
				71CFD5221CFD7B75004C668B /* SDWebImageDownloader.m in Sources */,
				71CFD4F91CFD7826004C668B /* ByGuideWindow.m in Sources */,
				71CFD4A81CFC5411004C668B /* AppDelegate.m in Sources */,
				71CFD5241CFD7B75004C668B /* SDWebImageManager.m in Sources */,
				71CFD4A51CFC5411004C668B /* main.m in Sources */,
				71CFD51F1CFD7B75004C668B /* SDImageCache.m in Sources */,
			);
			runOnlyForDeploymentPostprocessing = 0;
		};
		71CFD4B51CFC5411004C668B /* Sources */ = {
			isa = PBXSourcesBuildPhase;
			buildActionMask = 2147483647;
			files = (
				71CFD4BE1CFC5411004C668B /* NewGuideDemoTests.m in Sources */,
			);
			runOnlyForDeploymentPostprocessing = 0;
		};
		71CFD4C01CFC5411004C668B /* Sources */ = {
			isa = PBXSourcesBuildPhase;
			buildActionMask = 2147483647;
			files = (
				71CFD4C91CFC5411004C668B /* NewGuideDemoUITests.m in Sources */,
			);
			runOnlyForDeploymentPostprocessing = 0;
		};
/* End PBXSourcesBuildPhase section */

/* Begin PBXTargetDependency section */
		71CFD4BB1CFC5411004C668B /* PBXTargetDependency */ = {
			isa = PBXTargetDependency;
			target = 71CFD49F1CFC5411004C668B /* NewGuideDemo */;
			targetProxy = 71CFD4BA1CFC5411004C668B /* PBXContainerItemProxy */;
		};
		71CFD4C61CFC5411004C668B /* PBXTargetDependency */ = {
			isa = PBXTargetDependency;
			target = 71CFD49F1CFC5411004C668B /* NewGuideDemo */;
			targetProxy = 71CFD4C51CFC5411004C668B /* PBXContainerItemProxy */;
		};
/* End PBXTargetDependency section */

/* Begin PBXVariantGroup section */
		71CFD4AC1CFC5411004C668B /* Main.storyboard */ = {
			isa = PBXVariantGroup;
			children = (
				71CFD4AD1CFC5411004C668B /* Base */,
			);
			name = Main.storyboard;
			sourceTree = "<group>";
		};
		71CFD4B11CFC5411004C668B /* LaunchScreen.storyboard */ = {
			isa = PBXVariantGroup;
			children = (
				71CFD4B21CFC5411004C668B /* Base */,
			);
			name = LaunchScreen.storyboard;
			sourceTree = "<group>";
		};
/* End PBXVariantGroup section */

/* Begin XCBuildConfiguration section */
		71CFD4CB1CFC5411004C668B /* Debug */ = {
			isa = XCBuildConfiguration;
			buildSettings = {
				ALWAYS_SEARCH_USER_PATHS = NO;
				CLANG_ANALYZER_NONNULL = YES;
				CLANG_CXX_LANGUAGE_STANDARD = "gnu++0x";
				CLANG_CXX_LIBRARY = "libc++";
				CLANG_ENABLE_MODULES = YES;
				CLANG_ENABLE_OBJC_ARC = YES;
				CLANG_WARN_BOOL_CONVERSION = YES;
				CLANG_WARN_CONSTANT_CONVERSION = YES;
				CLANG_WARN_DIRECT_OBJC_ISA_USAGE = YES_ERROR;
				CLANG_WARN_EMPTY_BODY = YES;
				CLANG_WARN_ENUM_CONVERSION = YES;
				CLANG_WARN_INT_CONVERSION = YES;
				CLANG_WARN_OBJC_ROOT_CLASS = YES_ERROR;
				CLANG_WARN_UNREACHABLE_CODE = YES;
				CLANG_WARN__DUPLICATE_METHOD_MATCH = YES;
				"CODE_SIGN_IDENTITY[sdk=iphoneos*]" = "iPhone Developer";
				COPY_PHASE_STRIP = NO;
				DEBUG_INFORMATION_FORMAT = dwarf;
				ENABLE_STRICT_OBJC_MSGSEND = YES;
				ENABLE_TESTABILITY = YES;
				GCC_C_LANGUAGE_STANDARD = gnu99;
				GCC_DYNAMIC_NO_PIC = NO;
				GCC_NO_COMMON_BLOCKS = YES;
				GCC_OPTIMIZATION_LEVEL = 0;
				GCC_PREPROCESSOR_DEFINITIONS = (
					"DEBUG=1",
					"$(inherited)",
				);
				GCC_WARN_64_TO_32_BIT_CONVERSION = YES;
				GCC_WARN_ABOUT_RETURN_TYPE = YES_ERROR;
				GCC_WARN_UNDECLARED_SELECTOR = YES;
				GCC_WARN_UNINITIALIZED_AUTOS = YES_AGGRESSIVE;
				GCC_WARN_UNUSED_FUNCTION = YES;
				GCC_WARN_UNUSED_VARIABLE = YES;
				IPHONEOS_DEPLOYMENT_TARGET = 9.3;
				MTL_ENABLE_DEBUG_INFO = YES;
				ONLY_ACTIVE_ARCH = YES;
				SDKROOT = iphoneos;
				TARGETED_DEVICE_FAMILY = "1,2";
			};
			name = Debug;
		};
		71CFD4CC1CFC5411004C668B /* Release */ = {
			isa = XCBuildConfiguration;
			buildSettings = {
				ALWAYS_SEARCH_USER_PATHS = NO;
				CLANG_ANALYZER_NONNULL = YES;
				CLANG_CXX_LANGUAGE_STANDARD = "gnu++0x";
				CLANG_CXX_LIBRARY = "libc++";
				CLANG_ENABLE_MODULES = YES;
				CLANG_ENABLE_OBJC_ARC = YES;
				CLANG_WARN_BOOL_CONVERSION = YES;
				CLANG_WARN_CONSTANT_CONVERSION = YES;
				CLANG_WARN_DIRECT_OBJC_ISA_USAGE = YES_ERROR;
				CLANG_WARN_EMPTY_BODY = YES;
				CLANG_WARN_ENUM_CONVERSION = YES;
				CLANG_WARN_INT_CONVERSION = YES;
				CLANG_WARN_OBJC_ROOT_CLASS = YES_ERROR;
				CLANG_WARN_UNREACHABLE_CODE = YES;
				CLANG_WARN__DUPLICATE_METHOD_MATCH = YES;
				"CODE_SIGN_IDENTITY[sdk=iphoneos*]" = "iPhone Developer";
				COPY_PHASE_STRIP = NO;
				DEBUG_INFORMATION_FORMAT = "dwarf-with-dsym";
				ENABLE_NS_ASSERTIONS = NO;
				ENABLE_STRICT_OBJC_MSGSEND = YES;
				GCC_C_LANGUAGE_STANDARD = gnu99;
				GCC_NO_COMMON_BLOCKS = YES;
				GCC_WARN_64_TO_32_BIT_CONVERSION = YES;
				GCC_WARN_ABOUT_RETURN_TYPE = YES_ERROR;
				GCC_WARN_UNDECLARED_SELECTOR = YES;
				GCC_WARN_UNINITIALIZED_AUTOS = YES_AGGRESSIVE;
				GCC_WARN_UNUSED_FUNCTION = YES;
				GCC_WARN_UNUSED_VARIABLE = YES;
				IPHONEOS_DEPLOYMENT_TARGET = 9.3;
				MTL_ENABLE_DEBUG_INFO = NO;
				SDKROOT = iphoneos;
				TARGETED_DEVICE_FAMILY = "1,2";
				VALIDATE_PRODUCT = YES;
			};
			name = Release;
		};
		71CFD4CE1CFC5411004C668B /* Debug */ = {
			isa = XCBuildConfiguration;
			buildSettings = {
				ASSETCATALOG_COMPILER_APPICON_NAME = AppIcon;
				INFOPLIST_FILE = NewGuideDemo/Info.plist;
				LD_RUNPATH_SEARCH_PATHS = "$(inherited) @executable_path/Frameworks";
				PRODUCT_BUNDLE_IDENTIFIER = com.futurestar.NewGuideDemo;
				PRODUCT_NAME = "$(TARGET_NAME)";
			};
			name = Debug;
		};
		71CFD4CF1CFC5411004C668B /* Release */ = {
			isa = XCBuildConfiguration;
			buildSettings = {
				ASSETCATALOG_COMPILER_APPICON_NAME = AppIcon;
				INFOPLIST_FILE = NewGuideDemo/Info.plist;
				LD_RUNPATH_SEARCH_PATHS = "$(inherited) @executable_path/Frameworks";
				PRODUCT_BUNDLE_IDENTIFIER = com.futurestar.NewGuideDemo;
				PRODUCT_NAME = "$(TARGET_NAME)";
			};
			name = Release;
		};
		71CFD4D11CFC5411004C668B /* Debug */ = {
			isa = XCBuildConfiguration;
			buildSettings = {
				BUNDLE_LOADER = "$(TEST_HOST)";
				INFOPLIST_FILE = NewGuideDemoTests/Info.plist;
				LD_RUNPATH_SEARCH_PATHS = "$(inherited) @executable_path/Frameworks @loader_path/Frameworks";
				PRODUCT_BUNDLE_IDENTIFIER = com.futurestar.NewGuideDemoTests;
				PRODUCT_NAME = "$(TARGET_NAME)";
				TEST_HOST = "$(BUILT_PRODUCTS_DIR)/NewGuideDemo.app/NewGuideDemo";
			};
			name = Debug;
		};
		71CFD4D21CFC5411004C668B /* Release */ = {
			isa = XCBuildConfiguration;
			buildSettings = {
				BUNDLE_LOADER = "$(TEST_HOST)";
				INFOPLIST_FILE = NewGuideDemoTests/Info.plist;
				LD_RUNPATH_SEARCH_PATHS = "$(inherited) @executable_path/Frameworks @loader_path/Frameworks";
				PRODUCT_BUNDLE_IDENTIFIER = com.futurestar.NewGuideDemoTests;
				PRODUCT_NAME = "$(TARGET_NAME)";
				TEST_HOST = "$(BUILT_PRODUCTS_DIR)/NewGuideDemo.app/NewGuideDemo";
			};
			name = Release;
		};
		71CFD4D41CFC5411004C668B /* Debug */ = {
			isa = XCBuildConfiguration;
			buildSettings = {
				INFOPLIST_FILE = NewGuideDemoUITests/Info.plist;
				LD_RUNPATH_SEARCH_PATHS = "$(inherited) @executable_path/Frameworks @loader_path/Frameworks";
				PRODUCT_BUNDLE_IDENTIFIER = com.futurestar.NewGuideDemoUITests;
				PRODUCT_NAME = "$(TARGET_NAME)";
				TEST_TARGET_NAME = NewGuideDemo;
			};
			name = Debug;
		};
		71CFD4D51CFC5411004C668B /* Release */ = {
			isa = XCBuildConfiguration;
			buildSettings = {
				INFOPLIST_FILE = NewGuideDemoUITests/Info.plist;
				LD_RUNPATH_SEARCH_PATHS = "$(inherited) @executable_path/Frameworks @loader_path/Frameworks";
				PRODUCT_BUNDLE_IDENTIFIER = com.futurestar.NewGuideDemoUITests;
				PRODUCT_NAME = "$(TARGET_NAME)";
				TEST_TARGET_NAME = NewGuideDemo;
			};
			name = Release;
		};
/* End XCBuildConfiguration section */

/* Begin XCConfigurationList section */
		71CFD49B1CFC5411004C668B /* Build configuration list for PBXProject "NewGuideDemo" */ = {
			isa = XCConfigurationList;
			buildConfigurations = (
				71CFD4CB1CFC5411004C668B /* Debug */,
				71CFD4CC1CFC5411004C668B /* Release */,
			);
			defaultConfigurationIsVisible = 0;
			defaultConfigurationName = Release;
		};
		71CFD4CD1CFC5411004C668B /* Build configuration list for PBXNativeTarget "NewGuideDemo" */ = {
			isa = XCConfigurationList;
			buildConfigurations = (
				71CFD4CE1CFC5411004C668B /* Debug */,
				71CFD4CF1CFC5411004C668B /* Release */,
			);
			defaultConfigurationIsVisible = 0;
			defaultConfigurationName = Release;
		};
		71CFD4D01CFC5411004C668B /* Build configuration list for PBXNativeTarget "NewGuideDemoTests" */ = {
			isa = XCConfigurationList;
			buildConfigurations = (
				71CFD4D11CFC5411004C668B /* Debug */,
				71CFD4D21CFC5411004C668B /* Release */,
			);
			defaultConfigurationIsVisible = 0;
			defaultConfigurationName = Release;
		};
		71CFD4D31CFC5411004C668B /* Build configuration list for PBXNativeTarget "NewGuideDemoUITests" */ = {
			isa = XCConfigurationList;
			buildConfigurations = (
				71CFD4D41CFC5411004C668B /* Debug */,
				71CFD4D51CFC5411004C668B /* Release */,
			);
			defaultConfigurationIsVisible = 0;
			defaultConfigurationName = Release;
		};
/* End XCConfigurationList section */
	};
	rootObject = 71CFD4981CFC5411004C668B /* Project object */;
}
